
Microsoft Visual Studio Solution File, Format Version 12.00
# Visual Studio Version 16
VisualStudioVersion = 16.0.29926.136
MinimumVisualStudioVersion = 10.0.40219.1
Project("{F184B08F-C81C-45F6-A57F-5ABD9991F28F}") = "Project_GudangKu", "Project_GudangKu\Project_GudangKu.vbproj", "{2AEF0D7C-FCF8-443D-A937-BE0CECECE0A1}"
EndProject
Global
	GlobalSection(SolutionConfigurationPlatforms) = preSolution
		Debug|Any CPU = Debug|Any CPU
		Release|Any CPU = Release|Any CPU
	EndGlobalSection
	GlobalSection(ProjectConfigurationPlatforms) = postSolution
		{2AEF0D7C-FCF8-443D-A937-BE0CECECE0A1}.Debug|Any CPU.ActiveCfg = Debug|Any CPU
		{2AEF0D7C-FCF8-443D-A937-BE0CECECE0A1}.Debug|Any CPU.Build.0 = Debug|Any CPU
		{2AEF0D7C-FCF8-443D-A937-BE0CECECE0A1}.Release|Any CPU.ActiveCfg = Release|Any CPU
		{2AEF0D7C-FCF8-443D-A937-BE0CECECE0A1}.Release|Any CPU.Build.0 = Release|Any CPU
	EndGlobalSection
	GlobalSection(SolutionProperties) = preSolution
		HideSolutionNode = FALSE
	EndGlobalSection
	GlobalSection(ExtensibilityGlobals) = postSolution
		SolutionGuid = {BB09B07E-A68D-4ABB-82C7-8778B7E3310E}
	EndGlobalSection
EndGlobal
